
Microsoft Visual Studio Solution File, Format Version 12.00
# Visual Studio Version 17
VisualStudioVersion = 17.11.35303.130
MinimumVisualStudioVersion = 10.0.40219.1
Project("{9A19103F-16F7-4668-BE54-9A1E7A4F7556}") = "Client", "FormLogIn\Client.csproj", "{42F6CE41-A83E-49B7-8A61-09E1538C8A97}"
EndProject
Global
	GlobalSection(SolutionConfigurationPlatforms) = preSolution
		Debug|Any CPU = Debug|Any CPU
		Release|Any CPU = Release|Any CPU
	EndGlobalSection
	GlobalSection(ProjectConfigurationPlatforms) = postSolution
		{42F6CE41-A83E-49B7-8A61-09E1538C8A97}.Debug|Any CPU.ActiveCfg = Debug|Any CPU
		{42F6CE41-A83E-49B7-8A61-09E1538C8A97}.Debug|Any CPU.Build.0 = Debug|Any CPU
		{42F6CE41-A83E-49B7-8A61-09E1538C8A97}.Release|Any CPU.ActiveCfg = Release|Any CPU
		{42F6CE41-A83E-49B7-8A61-09E1538C8A97}.Release|Any CPU.Build.0 = Release|Any CPU
	EndGlobalSection
	GlobalSection(SolutionProperties) = preSolution
		HideSolutionNode = FALSE
	EndGlobalSection
	GlobalSection(ExtensibilityGlobals) = postSolution
		SolutionGuid = {BBB6F5F2-6FC9-48FD-9081-F4BAA0FA1093}
	EndGlobalSection
EndGlobal
